{
  "requires": true,
  "lockfileVersion": 1,
  "dependencies": {
    "nouislider": {
      "version": "15.2.0",
      "resolved": "https://registry.npmjs.org/nouislider/-/nouislider-15.2.0.tgz",
      "integrity": "sha512-LoZwN+wwU+z/0/UtjQY8VUcVElFJX6GfHkgJ5z1NIt/+KpOsjxEW4EAtBkBWvHNxf9HBzR62K6ft9NpNBkA5/w=="
    }
  }
}
